
Microsoft Visual Studio Solution File, Format Version 12.00
# Visual Studio Version 17
VisualStudioVersion = 17.10.35122.118
MinimumVisualStudioVersion = 10.0.40219.1
Project("{FAE04EC0-301F-11D3-BF4B-00C04F79EFBC}") = "WebApplication1", "WebApplication1\WebApplication1.csproj", "{B0663590-7E73-4C54-8049-99DB64904FA7}"
EndProject
Project("{9A19103F-16F7-4668-BE54-9A1E7A4F7556}") = "WebApplication1.Tests", "WebApplication1.Tests\WebApplication1.Tests.csproj", "{1B3CED07-CBB4-4AC9-9D70-794C616003CA}"
EndProject
Global
	GlobalSection(SolutionConfigurationPlatforms) = preSolution
		Debug|Any CPU = Debug|Any CPU
		Release|Any CPU = Release|Any CPU
	EndGlobalSection
	GlobalSection(ProjectConfigurationPlatforms) = postSolution
		{B0663590-7E73-4C54-8049-99DB64904FA7}.Debug|Any CPU.ActiveCfg = Debug|Any CPU
		{B0663590-7E73-4C54-8049-99DB64904FA7}.Debug|Any CPU.Build.0 = Debug|Any CPU
		{B0663590-7E73-4C54-8049-99DB64904FA7}.Release|Any CPU.ActiveCfg = Release|Any CPU
		{B0663590-7E73-4C54-8049-99DB64904FA7}.Release|Any CPU.Build.0 = Release|Any CPU
		{1B3CED07-CBB4-4AC9-9D70-794C616003CA}.Debug|Any CPU.ActiveCfg = Debug|Any CPU
		{1B3CED07-CBB4-4AC9-9D70-794C616003CA}.Debug|Any CPU.Build.0 = Debug|Any CPU
		{1B3CED07-CBB4-4AC9-9D70-794C616003CA}.Release|Any CPU.ActiveCfg = Release|Any CPU
		{1B3CED07-CBB4-4AC9-9D70-794C616003CA}.Release|Any CPU.Build.0 = Release|Any CPU
	EndGlobalSection
	GlobalSection(SolutionProperties) = preSolution
		HideSolutionNode = FALSE
	EndGlobalSection
	GlobalSection(ExtensibilityGlobals) = postSolution
		SolutionGuid = {8157AA55-7712-4528-B4D5-B1FF8C46A4BE}
	EndGlobalSection
EndGlobal
